
Microsoft Visual Studio Solution File, Format Version 12.00
# Visual Studio Version 16
VisualStudioVersion = 16.0.31729.503
MinimumVisualStudioVersion = 10.0.40219.1
Project("{FAE04EC0-301F-11D3-BF4B-00C04F79EFBC}") = "BarcodeBySpire", "BarcodeBySpire\BarcodeBySpire.csproj", "{339B61DC-ACF2-4405-A906-34E266B8BE8B}"
EndProject
Global
	GlobalSection(SolutionConfigurationPlatforms) = preSolution
		Debug|Any CPU = Debug|Any CPU
		Release|Any CPU = Release|Any CPU
	EndGlobalSection
	GlobalSection(ProjectConfigurationPlatforms) = postSolution
		{339B61DC-ACF2-4405-A906-34E266B8BE8B}.Debug|Any CPU.ActiveCfg = Debug|Any CPU
		{339B61DC-ACF2-4405-A906-34E266B8BE8B}.Debug|Any CPU.Build.0 = Debug|Any CPU
		{339B61DC-ACF2-4405-A906-34E266B8BE8B}.Release|Any CPU.ActiveCfg = Release|Any CPU
		{339B61DC-ACF2-4405-A906-34E266B8BE8B}.Release|Any CPU.Build.0 = Release|Any CPU
	EndGlobalSection
	GlobalSection(SolutionProperties) = preSolution
		HideSolutionNode = FALSE
	EndGlobalSection
	GlobalSection(ExtensibilityGlobals) = postSolution
		SolutionGuid = {43788CF5-EE20-48F1-9CAA-7029E42B8255}
	EndGlobalSection
EndGlobal
